
Microsoft Visual Studio Solution File, Format Version 12.00
# Visual Studio Version 16
VisualStudioVersion = 16.0.30406.217
MinimumVisualStudioVersion = 10.0.40219.1
Project("{FAE04EC0-301F-11D3-BF4B-00C04F79EFBC}") = "OfcMgtSystem", "OfcMgtSystem\OfcMgtSystem.csproj", "{F3988250-7451-4029-9A57-4D11237994F7}"
EndProject
Global
	GlobalSection(SolutionConfigurationPlatforms) = preSolution
		Debug|Any CPU = Debug|Any CPU
		Release|Any CPU = Release|Any CPU
	EndGlobalSection
	GlobalSection(ProjectConfigurationPlatforms) = postSolution
		{F3988250-7451-4029-9A57-4D11237994F7}.Debug|Any CPU.ActiveCfg = Debug|Any CPU
		{F3988250-7451-4029-9A57-4D11237994F7}.Debug|Any CPU.Build.0 = Debug|Any CPU
		{F3988250-7451-4029-9A57-4D11237994F7}.Release|Any CPU.ActiveCfg = Release|Any CPU
		{F3988250-7451-4029-9A57-4D11237994F7}.Release|Any CPU.Build.0 = Release|Any CPU
	EndGlobalSection
	GlobalSection(SolutionProperties) = preSolution
		HideSolutionNode = FALSE
	EndGlobalSection
	GlobalSection(ExtensibilityGlobals) = postSolution
		SolutionGuid = {664C86A3-603E-4006-99FD-DAF21B0C08F7}
	EndGlobalSection
EndGlobal
